// !$*UTF8*$!
{
	archiveVersion = 1;
	classes = {
	};
	objectVersion = 51;
	objects = {

/* Begin PBXBuildFile section */
		0401095425F41D2A0024E964 /* GoogleService-Info.plist in Resources */ = {isa = PBXBuildFile; fileRef = 0401095325F41D2A0024E964 /* GoogleService-Info.plist */; };
		0401097925F4237D0024E964 /* Score.swift in Sources */ = {isa = PBXBuildFile; fileRef = 0401097825F4237D0024E964 /* Score.swift */; };
		04017FDC25FD39840013087A /* InsertNamePopUp.swift in Sources */ = {isa = PBXBuildFile; fileRef = 04017FDB25FD39840013087A /* InsertNamePopUp.swift */; };
		04017FE025FD40A90013087A /* User.swift in Sources */ = {isa = PBXBuildFile; fileRef = 04017FDF25FD40A90013087A /* User.swift */; };
		0403108B25F523260033E27F /* TabBarController.swift in Sources */ = {isa = PBXBuildFile; fileRef = 0403108A25F523260033E27F /* TabBarController.swift */; };
		0403108F25F524C30033E27F /* LeaderboardView.swift in Sources */ = {isa = PBXBuildFile; fileRef = 0403108E25F524C30033E27F /* LeaderboardView.swift */; };
		0403109325F5277E0033E27F /* LeaderboardVC.swift in Sources */ = {isa = PBXBuildFile; fileRef = 0403109225F5277E0033E27F /* LeaderboardVC.swift */; };
		0403109725F52A5D0033E27F /* LeaderboardCell.swift in Sources */ = {isa = PBXBuildFile; fileRef = 0403109625F52A5D0033E27F /* LeaderboardCell.swift */; };
		040AEDF725EBF1D8007BB0EF /* Localizable.strings in Resources */ = {isa = PBXBuildFile; fileRef = 040AEDF925EBF1D8007BB0EF /* Localizable.strings */; };
		040AEDFE25EBF27F007BB0EF /* Strings+Extension.swift in Sources */ = {isa = PBXBuildFile; fileRef = 040AEDFD25EBF27F007BB0EF /* Strings+Extension.swift */; };
		04520A8725EAA77800D38EBF /* AppDelegate.swift in Sources */ = {isa = PBXBuildFile; fileRef = 04520A8625EAA77800D38EBF /* AppDelegate.swift */; };
		04520A8925EAA77800D38EBF /* SceneDelegate.swift in Sources */ = {isa = PBXBuildFile; fileRef = 04520A8825EAA77800D38EBF /* SceneDelegate.swift */; };
		04520A8B25EAA77800D38EBF /* GameVC.swift in Sources */ = {isa = PBXBuildFile; fileRef = 04520A8A25EAA77800D38EBF /* GameVC.swift */; };
		04520A8E25EAA77800D38EBF /* Main.storyboard in Resources */ = {isa = PBXBuildFile; fileRef = 04520A8C25EAA77800D38EBF /* Main.storyboard */; };
		04520A9125EAA77800D38EBF /* MemoryGame.xcdatamodeld in Sources */ = {isa = PBXBuildFile; fileRef = 04520A8F25EAA77800D38EBF /* MemoryGame.xcdatamodeld */; };
		04520A9325EAA77900D38EBF /* Assets.xcassets in Resources */ = {isa = PBXBuildFile; fileRef = 04520A9225EAA77900D38EBF /* Assets.xcassets */; };
		04520A9625EAA77900D38EBF /* LaunchScreen.storyboard in Resources */ = {isa = PBXBuildFile; fileRef = 04520A9425EAA77900D38EBF /* LaunchScreen.storyboard */; };
		04520AAD25EAAA0700D38EBF /* GameView.swift in Sources */ = {isa = PBXBuildFile; fileRef = 04520AAC25EAAA0700D38EBF /* GameView.swift */; };
		04520AB125EABDD000D38EBF /* GenericAlert.swift in Sources */ = {isa = PBXBuildFile; fileRef = 04520AB025EABDD000D38EBF /* GenericAlert.swift */; };
		0480B70C25EB1C67001DD27A /* Font+Extension.swift in Sources */ = {isa = PBXBuildFile; fileRef = 0480B70B25EB1C67001DD27A /* Font+Extension.swift */; };
		F361E43EEAC3F050EB52FFDB /* Pods_MemoryGame.framework in Frameworks */ = {isa = PBXBuildFile; fileRef = D886E9171BBB8A2CDACBD24F /* Pods_MemoryGame.framework */; };
/* End PBXBuildFile section */

/* Begin PBXFileReference section */
		0401095325F41D2A0024E964 /* GoogleService-Info.plist */ = {isa = PBXFileReference; fileEncoding = 4; lastKnownFileType = text.plist.xml; path = "GoogleService-Info.plist"; sourceTree = "<group>"; };
		0401097825F4237D0024E964 /* Score.swift */ = {isa = PBXFileReference; lastKnownFileType = sourcecode.swift; path = Score.swift; sourceTree = "<group>"; };
		04017FDB25FD39840013087A /* InsertNamePopUp.swift */ = {isa = PBXFileReference; lastKnownFileType = sourcecode.swift; path = InsertNamePopUp.swift; sourceTree = "<group>"; };
		04017FDF25FD40A90013087A /* User.swift */ = {isa = PBXFileReference; lastKnownFileType = sourcecode.swift; path = User.swift; sourceTree = "<group>"; };
		0403108A25F523260033E27F /* TabBarController.swift */ = {isa = PBXFileReference; lastKnownFileType = sourcecode.swift; path = TabBarController.swift; sourceTree = "<group>"; };
		0403108E25F524C30033E27F /* LeaderboardView.swift */ = {isa = PBXFileReference; lastKnownFileType = sourcecode.swift; path = LeaderboardView.swift; sourceTree = "<group>"; };
		0403109225F5277E0033E27F /* LeaderboardVC.swift */ = {isa = PBXFileReference; lastKnownFileType = sourcecode.swift; path = LeaderboardVC.swift; sourceTree = "<group>"; };
		0403109625F52A5D0033E27F /* LeaderboardCell.swift */ = {isa = PBXFileReference; lastKnownFileType = sourcecode.swift; path = LeaderboardCell.swift; sourceTree = "<group>"; };
		040AEDF825EBF1D8007BB0EF /* en */ = {isa = PBXFileReference; lastKnownFileType = text.plist.strings; name = en; path = en.lproj/Localizable.strings; sourceTree = "<group>"; };
		040AEDFB25EBF1FA007BB0EF /* pt-BR */ = {isa = PBXFileReference; lastKnownFileType = text.plist.strings; name = "pt-BR"; path = "pt-BR.lproj/Localizable.strings"; sourceTree = "<group>"; };
		040AEDFD25EBF27F007BB0EF /* Strings+Extension.swift */ = {isa = PBXFileReference; lastKnownFileType = sourcecode.swift; path = "Strings+Extension.swift"; sourceTree = "<group>"; };
		04520A8325EAA77800D38EBF /* MemoryGame.app */ = {isa = PBXFileReference; explicitFileType = wrapper.application; includeInIndex = 0; path = MemoryGame.app; sourceTree = BUILT_PRODUCTS_DIR; };
		04520A8625EAA77800D38EBF /* AppDelegate.swift */ = {isa = PBXFileReference; lastKnownFileType = sourcecode.swift; path = AppDelegate.swift; sourceTree = "<group>"; };
		04520A8825EAA77800D38EBF /* SceneDelegate.swift */ = {isa = PBXFileReference; lastKnownFileType = sourcecode.swift; path = SceneDelegate.swift; sourceTree = "<group>"; };
		04520A8A25EAA77800D38EBF /* GameVC.swift */ = {isa = PBXFileReference; lastKnownFileType = sourcecode.swift; path = GameVC.swift; sourceTree = "<group>"; };
		04520A8D25EAA77800D38EBF /* Base */ = {isa = PBXFileReference; lastKnownFileType = file.storyboard; name = Base; path = Base.lproj/Main.storyboard; sourceTree = "<group>"; };
		04520A9025EAA77800D38EBF /* MemoryGame.xcdatamodel */ = {isa = PBXFileReference; lastKnownFileType = wrapper.xcdatamodel; path = MemoryGame.xcdatamodel; sourceTree = "<group>"; };
		04520A9225EAA77900D38EBF /* Assets.xcassets */ = {isa = PBXFileReference; lastKnownFileType = folder.assetcatalog; path = Assets.xcassets; sourceTree = "<group>"; };
		04520A9525EAA77900D38EBF /* Base */ = {isa = PBXFileReference; lastKnownFileType = file.storyboard; name = Base; path = Base.lproj/LaunchScreen.storyboard; sourceTree = "<group>"; };
		04520A9725EAA77A00D38EBF /* Info.plist */ = {isa = PBXFileReference; lastKnownFileType = text.plist.xml; path = Info.plist; sourceTree = "<group>"; };
		04520AAC25EAAA0700D38EBF /* GameView.swift */ = {isa = PBXFileReference; lastKnownFileType = sourcecode.swift; path = GameView.swift; sourceTree = "<group>"; };
		04520AB025EABDD000D38EBF /* GenericAlert.swift */ = {isa = PBXFileReference; lastKnownFileType = sourcecode.swift; path = GenericAlert.swift; sourceTree = "<group>"; };
		0480B70B25EB1C67001DD27A /* Font+Extension.swift */ = {isa = PBXFileReference; lastKnownFileType = sourcecode.swift; path = "Font+Extension.swift"; sourceTree = "<group>"; };
		305D2CA637CC7E59F15956C5 /* Pods-MemoryGame.debug.xcconfig */ = {isa = PBXFileReference; includeInIndex = 1; lastKnownFileType = text.xcconfig; name = "Pods-MemoryGame.debug.xcconfig"; path = "Target Support Files/Pods-MemoryGame/Pods-MemoryGame.debug.xcconfig"; sourceTree = "<group>"; };
		8D50E28C792C793A97B577A6 /* Pods-MemoryGame.release.xcconfig */ = {isa = PBXFileReference; includeInIndex = 1; lastKnownFileType = text.xcconfig; name = "Pods-MemoryGame.release.xcconfig"; path = "Target Support Files/Pods-MemoryGame/Pods-MemoryGame.release.xcconfig"; sourceTree = "<group>"; };
		D886E9171BBB8A2CDACBD24F /* Pods_MemoryGame.framework */ = {isa = PBXFileReference; explicitFileType = wrapper.framework; includeInIndex = 0; path = Pods_MemoryGame.framework; sourceTree = BUILT_PRODUCTS_DIR; };
/* End PBXFileReference section */

/* Begin PBXFrameworksBuildPhase section */
		04520A8025EAA77800D38EBF /* Frameworks */ = {
			isa = PBXFrameworksBuildPhase;
			buildActionMask = 2147483647;
			files = (
				F361E43EEAC3F050EB52FFDB /* Pods_MemoryGame.framework in Frameworks */,
			);
			runOnlyForDeploymentPostprocessing = 0;
		};
/* End PBXFrameworksBuildPhase section */

/* Begin PBXGroup section */
		0401097725F423720024E964 /* Models */ = {
			isa = PBXGroup;
			children = (
				0401097825F4237D0024E964 /* Score.swift */,
				04017FDF25FD40A90013087A /* User.swift */,
			);
			path = Models;
			sourceTree = "<group>";
		};
		04017FD925FD39570013087A /* PopUp */ = {
			isa = PBXGroup;
			children = (
				04017FDB25FD39840013087A /* InsertNamePopUp.swift */,
			);
			path = PopUp;
			sourceTree = "<group>";
		};
		0403108925F523140033E27F /* TabBar */ = {
			isa = PBXGroup;
			children = (
				0403108A25F523260033E27F /* TabBarController.swift */,
				04520A8A25EAA77800D38EBF /* GameVC.swift */,
				0403109225F5277E0033E27F /* LeaderboardVC.swift */,
			);
			path = TabBar;
			sourceTree = "<group>";
		};
		0403109125F527630033E27F /* TabBar */ = {
			isa = PBXGroup;
			children = (
				04520AAC25EAAA0700D38EBF /* GameView.swift */,
				0403108E25F524C30033E27F /* LeaderboardView.swift */,
			);
			path = TabBar;
			sourceTree = "<group>";
		};
		0403109525F52A460033E27F /* Cells */ = {
			isa = PBXGroup;
			children = (
				0403109625F52A5D0033E27F /* LeaderboardCell.swift */,
			);
			path = Cells;
			sourceTree = "<group>";
		};
		040AEDF225EBF194007BB0EF /* Translate */ = {
			isa = PBXGroup;
			children = (
				040AEDF925EBF1D8007BB0EF /* Localizable.strings */,
			);
			path = Translate;
			sourceTree = "<group>";
		};
		04520A7A25EAA77800D38EBF = {
			isa = PBXGroup;
			children = (
				04520A8525EAA77800D38EBF /* MemoryGame */,
				04520A8425EAA77800D38EBF /* Products */,
				B1E7C5E2918924FF89149B88 /* Pods */,
				DB4984DEE28F4C0CF160E175 /* Frameworks */,
			);
			sourceTree = "<group>";
		};
		04520A8425EAA77800D38EBF /* Products */ = {
			isa = PBXGroup;
			children = (
				04520A8325EAA77800D38EBF /* MemoryGame.app */,
			);
			name = Products;
			sourceTree = "<group>";
		};
		04520A8525EAA77800D38EBF /* MemoryGame */ = {
			isa = PBXGroup;
			children = (
				04520A8625EAA77800D38EBF /* AppDelegate.swift */,
				04520A8825EAA77800D38EBF /* SceneDelegate.swift */,
				040AEDF225EBF194007BB0EF /* Translate */,
				04520AA325EAA81200D38EBF /* StoryBoards */,
				04520AA225EAA7EB00D38EBF /* Resources */,
				04520AA125EAA7C800D38EBF /* Extensions */,
				0401097725F423720024E964 /* Models */,
				0403109525F52A460033E27F /* Cells */,
				04520AA025EAA7C100D38EBF /* Views */,
				04520A9F25EAA7B900D38EBF /* Controllers */,
				04520A9E25EAA7B300D38EBF /* Components */,
			);
			path = MemoryGame;
			sourceTree = "<group>";
		};
		04520A9E25EAA7B300D38EBF /* Components */ = {
			isa = PBXGroup;
			children = (
				04520AB025EABDD000D38EBF /* GenericAlert.swift */,
			);
			path = Components;
			sourceTree = "<group>";
		};
		04520A9F25EAA7B900D38EBF /* Controllers */ = {
			isa = PBXGroup;
			children = (
				0403108925F523140033E27F /* TabBar */,
			);
			path = Controllers;
			sourceTree = "<group>";
		};
		04520AA025EAA7C100D38EBF /* Views */ = {
			isa = PBXGroup;
			children = (
				04017FD925FD39570013087A /* PopUp */,
				0403109125F527630033E27F /* TabBar */,
			);
			path = Views;
			sourceTree = "<group>";
		};
		04520AA125EAA7C800D38EBF /* Extensions */ = {
			isa = PBXGroup;
			children = (
				0480B70B25EB1C67001DD27A /* Font+Extension.swift */,
				040AEDFD25EBF27F007BB0EF /* Strings+Extension.swift */,
			);
			path = Extensions;
			sourceTree = "<group>";
		};
		04520AA225EAA7EB00D38EBF /* Resources */ = {
			isa = PBXGroup;
			children = (
				04520A8F25EAA77800D38EBF /* MemoryGame.xcdatamodeld */,
				0401095325F41D2A0024E964 /* GoogleService-Info.plist */,
				04520A9725EAA77A00D38EBF /* Info.plist */,
				04520A9225EAA77900D38EBF /* Assets.xcassets */,
			);
			path = Resources;
			sourceTree = "<group>";
		};
		04520AA325EAA81200D38EBF /* StoryBoards */ = {
			isa = PBXGroup;
			children = (
				04520A8C25EAA77800D38EBF /* Main.storyboard */,
				04520A9425EAA77900D38EBF /* LaunchScreen.storyboard */,
			);
			path = StoryBoards;
			sourceTree = "<group>";
		};
		B1E7C5E2918924FF89149B88 /* Pods */ = {
			isa = PBXGroup;
			children = (
				305D2CA637CC7E59F15956C5 /* Pods-MemoryGame.debug.xcconfig */,
				8D50E28C792C793A97B577A6 /* Pods-MemoryGame.release.xcconfig */,
			);
			path = Pods;
			sourceTree = "<group>";
		};
		DB4984DEE28F4C0CF160E175 /* Frameworks */ = {
			isa = PBXGroup;
			children = (
				D886E9171BBB8A2CDACBD24F /* Pods_MemoryGame.framework */,
			);
			name = Frameworks;
			sourceTree = "<group>";
		};
/* End PBXGroup section */

/* Begin PBXNativeTarget section */
		04520A8225EAA77800D38EBF /* MemoryGame */ = {
			isa = PBXNativeTarget;
			buildConfigurationList = 04520A9A25EAA77A00D38EBF /* Build configuration list for PBXNativeTarget "MemoryGame" */;
			buildPhases = (
				0E1F0A3E9CDDD2E3516C95A8 /* [CP] Check Pods Manifest.lock */,
				04520A7F25EAA77800D38EBF /* Sources */,
				04520A8025EAA77800D38EBF /* Frameworks */,
				04520A8125EAA77800D38EBF /* Resources */,
				48280694FF9B78B7B2E95B9B /* [CP] Embed Pods Frameworks */,
			);
			buildRules = (
			);
			dependencies = (
			);
			name = MemoryGame;
			productName = MemoryGame;
			productReference = 04520A8325EAA77800D38EBF /* MemoryGame.app */;
			productType = "com.apple.product-type.application";
		};
/* End PBXNativeTarget section */

/* Begin PBXProject section */
		04520A7B25EAA77800D38EBF /* Project object */ = {
			isa = PBXProject;
			attributes = {
				LastSwiftUpdateCheck = 1240;
				LastUpgradeCheck = 1240;
				TargetAttributes = {
					04520A8225EAA77800D38EBF = {
						CreatedOnToolsVersion = 12.4;
					};
				};
			};
			buildConfigurationList = 04520A7E25EAA77800D38EBF /* Build configuration list for PBXProject "MemoryGame" */;
			compatibilityVersion = "Xcode 9.3";
			developmentRegion = en;
			hasScannedForEncodings = 0;
			knownRegions = (
				en,
				Base,
				"pt-BR",
			);
			mainGroup = 04520A7A25EAA77800D38EBF;
			productRefGroup = 04520A8425EAA77800D38EBF /* Products */;
			projectDirPath = "";
			projectRoot = "";
			targets = (
				04520A8225EAA77800D38EBF /* MemoryGame */,
			);
		};
/* End PBXProject section */

/* Begin PBXResourcesBuildPhase section */
		04520A8125EAA77800D38EBF /* Resources */ = {
			isa = PBXResourcesBuildPhase;
			buildActionMask = 2147483647;
			files = (
				04520A9625EAA77900D38EBF /* LaunchScreen.storyboard in Resources */,
				040AEDF725EBF1D8007BB0EF /* Localizable.strings in Resources */,
				0401095425F41D2A0024E964 /* GoogleService-Info.plist in Resources */,
				04520A9325EAA77900D38EBF /* Assets.xcassets in Resources */,
				04520A8E25EAA77800D38EBF /* Main.storyboard in Resources */,
			);
			runOnlyForDeploymentPostprocessing = 0;
		};
/* End PBXResourcesBuildPhase section */

/* Begin PBXShellScriptBuildPhase section */
		0E1F0A3E9CDDD2E3516C95A8 /* [CP] Check Pods Manifest.lock */ = {
			isa = PBXShellScriptBuildPhase;
			buildActionMask = 2147483647;
			files = (
			);
			inputFileListPaths = (
			);
			inputPaths = (
				"${PODS_PODFILE_DIR_PATH}/Podfile.lock",
				"${PODS_ROOT}/Manifest.lock",
			);
			name = "[CP] Check Pods Manifest.lock";
			outputFileListPaths = (
			);
			outputPaths = (
				"$(DERIVED_FILE_DIR)/Pods-MemoryGame-checkManifestLockResult.txt",
			);
			runOnlyForDeploymentPostprocessing = 0;
			shellPath = /bin/sh;
			shellScript = "diff \"${PODS_PODFILE_DIR_PATH}/Podfile.lock\" \"${PODS_ROOT}/Manifest.lock\" > /dev/null\nif [ $? != 0 ] ; then\n    # print error to STDERR\n    echo \"error: The sandbox is not in sync with the Podfile.lock. Run 'pod install' or update your CocoaPods installation.\" >&2\n    exit 1\nfi\n# This output is used by Xcode 'outputs' to avoid re-running this script phase.\necho \"SUCCESS\" > \"${SCRIPT_OUTPUT_FILE_0}\"\n";
			showEnvVarsInLog = 0;
		};
		48280694FF9B78B7B2E95B9B /* [CP] Embed Pods Frameworks */ = {
			isa = PBXShellScriptBuildPhase;
			buildActionMask = 2147483647;
			files = (
			);
			inputFileListPaths = (
				"${PODS_ROOT}/Target Support Files/Pods-MemoryGame/Pods-MemoryGame-frameworks-${CONFIGURATION}-input-files.xcfilelist",
			);
			name = "[CP] Embed Pods Frameworks";
			outputFileListPaths = (
				"${PODS_ROOT}/Target Support Files/Pods-MemoryGame/Pods-MemoryGame-frameworks-${CONFIGURATION}-output-files.xcfilelist",
			);
			runOnlyForDeploymentPostprocessing = 0;
			shellPath = /bin/sh;
			shellScript = "\"${PODS_ROOT}/Target Support Files/Pods-MemoryGame/Pods-MemoryGame-frameworks.sh\"\n";
			showEnvVarsInLog = 0;
		};
/* End PBXShellScriptBuildPhase section */

/* Begin PBXSourcesBuildPhase section */
		04520A7F25EAA77800D38EBF /* Sources */ = {
			isa = PBXSourcesBuildPhase;
			buildActionMask = 2147483647;
			files = (
				0403109325F5277E0033E27F /* LeaderboardVC.swift in Sources */,
				0403109725F52A5D0033E27F /* LeaderboardCell.swift in Sources */,
				04520A8B25EAA77800D38EBF /* GameVC.swift in Sources */,
				04520A8725EAA77800D38EBF /* AppDelegate.swift in Sources */,
				04017FE025FD40A90013087A /* User.swift in Sources */,
				04017FDC25FD39840013087A /* InsertNamePopUp.swift in Sources */,
				04520AB125EABDD000D38EBF /* GenericAlert.swift in Sources */,
				0403108B25F523260033E27F /* TabBarController.swift in Sources */,
				04520A9125EAA77800D38EBF /* MemoryGame.xcdatamodeld in Sources */,
				040AEDFE25EBF27F007BB0EF /* Strings+Extension.swift in Sources */,
				04520A8925EAA77800D38EBF /* SceneDelegate.swift in Sources */,
				0403108F25F524C30033E27F /* LeaderboardView.swift in Sources */,
				0480B70C25EB1C67001DD27A /* Font+Extension.swift in Sources */,
				0401097925F4237D0024E964 /* Score.swift in Sources */,
				04520AAD25EAAA0700D38EBF /* GameView.swift in Sources */,
			);
			runOnlyForDeploymentPostprocessing = 0;
		};
/* End PBXSourcesBuildPhase section */

/* Begin PBXVariantGroup section */
		040AEDF925EBF1D8007BB0EF /* Localizable.strings */ = {
			isa = PBXVariantGroup;
			children = (
				040AEDF825EBF1D8007BB0EF /* en */,
				040AEDFB25EBF1FA007BB0EF /* pt-BR */,
			);
			name = Localizable.strings;
			sourceTree = "<group>";
		};
		04520A8C25EAA77800D38EBF /* Main.storyboard */ = {
			isa = PBXVariantGroup;
			children = (
				04520A8D25EAA77800D38EBF /* Base */,
			);
			name = Main.storyboard;
			sourceTree = "<group>";
		};
		04520A9425EAA77900D38EBF /* LaunchScreen.storyboard */ = {
			isa = PBXVariantGroup;
			children = (
				04520A9525EAA77900D38EBF /* Base */,
			);
			name = LaunchScreen.storyboard;
			sourceTree = "<group>";
		};
/* End PBXVariantGroup section */

/* Begin XCBuildConfiguration section */
		04520A9825EAA77A00D38EBF /* Debug */ = {
			isa = XCBuildConfiguration;
			buildSettings = {
				ALWAYS_SEARCH_USER_PATHS = NO;
				CLANG_ANALYZER_LOCALIZABILITY_NONLOCALIZED = YES;
				CLANG_ANALYZER_NONNULL = YES;
				CLANG_ANALYZER_NUMBER_OBJECT_CONVERSION = YES_AGGRESSIVE;
				CLANG_CXX_LANGUAGE_STANDARD = "gnu++14";
				CLANG_CXX_LIBRARY = "libc++";
				CLANG_ENABLE_MODULES = YES;
				CLANG_ENABLE_OBJC_ARC = YES;
				CLANG_ENABLE_OBJC_WEAK = YES;
				CLANG_WARN_BLOCK_CAPTURE_AUTORELEASING = YES;
				CLANG_WARN_BOOL_CONVERSION = YES;
				CLANG_WARN_COMMA = YES;
				CLANG_WARN_CONSTANT_CONVERSION = YES;
				CLANG_WARN_DEPRECATED_OBJC_IMPLEMENTATIONS = YES;
				CLANG_WARN_DIRECT_OBJC_ISA_USAGE = YES_ERROR;
				CLANG_WARN_DOCUMENTATION_COMMENTS = YES;
				CLANG_WARN_EMPTY_BODY = YES;
				CLANG_WARN_ENUM_CONVERSION = YES;
				CLANG_WARN_INFINITE_RECURSION = YES;
				CLANG_WARN_INT_CONVERSION = YES;
				CLANG_WARN_NON_LITERAL_NULL_CONVERSION = YES;
				CLANG_WARN_OBJC_IMPLICIT_RETAIN_SELF = YES;
				CLANG_WARN_OBJC_LITERAL_CONVERSION = YES;
				CLANG_WARN_OBJC_ROOT_CLASS = YES_ERROR;
				CLANG_WARN_QUOTED_INCLUDE_IN_FRAMEWORK_HEADER = YES;
				CLANG_WARN_RANGE_LOOP_ANALYSIS = YES;
				CLANG_WARN_STRICT_PROTOTYPES = YES;
				CLANG_WARN_SUSPICIOUS_MOVE = YES;
				CLANG_WARN_UNGUARDED_AVAILABILITY = YES_AGGRESSIVE;
				CLANG_WARN_UNREACHABLE_CODE = YES;
				CLANG_WARN__DUPLICATE_METHOD_MATCH = YES;
				COPY_PHASE_STRIP = NO;
				DEBUG_INFORMATION_FORMAT = dwarf;
				ENABLE_STRICT_OBJC_MSGSEND = YES;
				ENABLE_TESTABILITY = YES;
				GCC_C_LANGUAGE_STANDARD = gnu11;
				GCC_DYNAMIC_NO_PIC = NO;
				GCC_NO_COMMON_BLOCKS = YES;
				GCC_OPTIMIZATION_LEVEL = 0;
				GCC_PREPROCESSOR_DEFINITIONS = (
					"DEBUG=1",
					"$(inherited)",
				);
				GCC_WARN_64_TO_32_BIT_CONVERSION = YES;
				GCC_WARN_ABOUT_RETURN_TYPE = YES_ERROR;
				GCC_WARN_UNDECLARED_SELECTOR = YES;
				GCC_WARN_UNINITIALIZED_AUTOS = YES_AGGRESSIVE;
				GCC_WARN_UNUSED_FUNCTION = YES;
				GCC_WARN_UNUSED_VARIABLE = YES;
				IPHONEOS_DEPLOYMENT_TARGET = 14.4;
				MTL_ENABLE_DEBUG_INFO = INCLUDE_SOURCE;
				MTL_FAST_MATH = YES;
				ONLY_ACTIVE_ARCH = YES;
				SDKROOT = iphoneos;
				SWIFT_ACTIVE_COMPILATION_CONDITIONS = DEBUG;
				SWIFT_OPTIMIZATION_LEVEL = "-Onone";
			};
			name = Debug;
		};
		04520A9925EAA77A00D38EBF /* Release */ = {
			isa = XCBuildConfiguration;
			buildSettings = {
				ALWAYS_SEARCH_USER_PATHS = NO;
				CLANG_ANALYZER_LOCALIZABILITY_NONLOCALIZED = YES;
				CLANG_ANALYZER_NONNULL = YES;
				CLANG_ANALYZER_NUMBER_OBJECT_CONVERSION = YES_AGGRESSIVE;
				CLANG_CXX_LANGUAGE_STANDARD = "gnu++14";
				CLANG_CXX_LIBRARY = "libc++";
				CLANG_ENABLE_MODULES = YES;
				CLANG_ENABLE_OBJC_ARC = YES;
				CLANG_ENABLE_OBJC_WEAK = YES;
				CLANG_WARN_BLOCK_CAPTURE_AUTORELEASING = YES;
				CLANG_WARN_BOOL_CONVERSION = YES;
				CLANG_WARN_COMMA = YES;
				CLANG_WARN_CONSTANT_CONVERSION = YES;
				CLANG_WARN_DEPRECATED_OBJC_IMPLEMENTATIONS = YES;
				CLANG_WARN_DIRECT_OBJC_ISA_USAGE = YES_ERROR;
				CLANG_WARN_DOCUMENTATION_COMMENTS = YES;
				CLANG_WARN_EMPTY_BODY = YES;
				CLANG_WARN_ENUM_CONVERSION = YES;
				CLANG_WARN_INFINITE_RECURSION = YES;
				CLANG_WARN_INT_CONVERSION = YES;
				CLANG_WARN_NON_LITERAL_NULL_CONVERSION = YES;
				CLANG_WARN_OBJC_IMPLICIT_RETAIN_SELF = YES;
				CLANG_WARN_OBJC_LITERAL_CONVERSION = YES;
				CLANG_WARN_OBJC_ROOT_CLASS = YES_ERROR;
				CLANG_WARN_QUOTED_INCLUDE_IN_FRAMEWORK_HEADER = YES;
				CLANG_WARN_RANGE_LOOP_ANALYSIS = YES;
				CLANG_WARN_STRICT_PROTOTYPES = YES;
				CLANG_WARN_SUSPICIOUS_MOVE = YES;
				CLANG_WARN_UNGUARDED_AVAILABILITY = YES_AGGRESSIVE;
				CLANG_WARN_UNREACHABLE_CODE = YES;
				CLANG_WARN__DUPLICATE_METHOD_MATCH = YES;
				COPY_PHASE_STRIP = NO;
				DEBUG_INFORMATION_FORMAT = "dwarf-with-dsym";
				ENABLE_NS_ASSERTIONS = NO;
				ENABLE_STRICT_OBJC_MSGSEND = YES;
				GCC_C_LANGUAGE_STANDARD = gnu11;
				GCC_NO_COMMON_BLOCKS = YES;
				GCC_WARN_64_TO_32_BIT_CONVERSION = YES;
				GCC_WARN_ABOUT_RETURN_TYPE = YES_ERROR;
				GCC_WARN_UNDECLARED_SELECTOR = YES;
				GCC_WARN_UNINITIALIZED_AUTOS = YES_AGGRESSIVE;
				GCC_WARN_UNUSED_FUNCTION = YES;
				GCC_WARN_UNUSED_VARIABLE = YES;
				IPHONEOS_DEPLOYMENT_TARGET = 14.4;
				MTL_ENABLE_DEBUG_INFO = NO;
				MTL_FAST_MATH = YES;
				SDKROOT = iphoneos;
				SWIFT_COMPILATION_MODE = wholemodule;
				SWIFT_OPTIMIZATION_LEVEL = "-O";
				VALIDATE_PRODUCT = YES;
			};
			name = Release;
		};
		04520A9B25EAA77A00D38EBF /* Debug */ = {
			isa = XCBuildConfiguration;
			baseConfigurationReference = 305D2CA637CC7E59F15956C5 /* Pods-MemoryGame.debug.xcconfig */;
			buildSettings = {
				ASSETCATALOG_COMPILER_APPICON_NAME = AppIcon;
				ASSETCATALOG_COMPILER_GLOBAL_ACCENT_COLOR_NAME = AccentColor;
				CODE_SIGN_STYLE = Automatic;
				DEVELOPMENT_TEAM = G52S3NF77R;
				INFOPLIST_FILE = MemoryGame/Resources/Info.plist;
				IPHONEOS_DEPLOYMENT_TARGET = 13.0;
				LD_RUNPATH_SEARCH_PATHS = (
					"$(inherited)",
					"@executable_path/Frameworks",
				);
				PRODUCT_BUNDLE_IDENTIFIER = "Rodrigo-Gaspar.MemoryGame";
				PRODUCT_NAME = "$(TARGET_NAME)";
				SWIFT_VERSION = 5.0;
				TARGETED_DEVICE_FAMILY = 1;
			};
			name = Debug;
		};
		04520A9C25EAA77A00D38EBF /* Release */ = {
			isa = XCBuildConfiguration;
			baseConfigurationReference = 8D50E28C792C793A97B577A6 /* Pods-MemoryGame.release.xcconfig */;
			buildSettings = {
				ASSETCATALOG_COMPILER_APPICON_NAME = AppIcon;
				ASSETCATALOG_COMPILER_GLOBAL_ACCENT_COLOR_NAME = AccentColor;
				CODE_SIGN_STYLE = Automatic;
				DEVELOPMENT_TEAM = G52S3NF77R;
				INFOPLIST_FILE = MemoryGame/Resources/Info.plist;
				IPHONEOS_DEPLOYMENT_TARGET = 13.0;
				LD_RUNPATH_SEARCH_PATHS = (
					"$(inherited)",
					"@executable_path/Frameworks",
				);
				PRODUCT_BUNDLE_IDENTIFIER = "Rodrigo-Gaspar.MemoryGame";
				PRODUCT_NAME = "$(TARGET_NAME)";
				SWIFT_VERSION = 5.0;
				TARGETED_DEVICE_FAMILY = 1;
			};
			name = Release;
		};
/* End XCBuildConfiguration section */

/* Begin XCConfigurationList section */
		04520A7E25EAA77800D38EBF /* Build configuration list for PBXProject "MemoryGame" */ = {
			isa = XCConfigurationList;
			buildConfigurations = (
				04520A9825EAA77A00D38EBF /* Debug */,
				04520A9925EAA77A00D38EBF /* Release */,
			);
			defaultConfigurationIsVisible = 0;
			defaultConfigurationName = Release;
		};
		04520A9A25EAA77A00D38EBF /* Build configuration list for PBXNativeTarget "MemoryGame" */ = {
			isa = XCConfigurationList;
			buildConfigurations = (
				04520A9B25EAA77A00D38EBF /* Debug */,
				04520A9C25EAA77A00D38EBF /* Release */,
			);
			defaultConfigurationIsVisible = 0;
			defaultConfigurationName = Release;
		};
/* End XCConfigurationList section */

/* Begin XCVersionGroup section */
		04520A8F25EAA77800D38EBF /* MemoryGame.xcdatamodeld */ = {
			isa = XCVersionGroup;
			children = (
				04520A9025EAA77800D38EBF /* MemoryGame.xcdatamodel */,
			);
			currentVersion = 04520A9025EAA77800D38EBF /* MemoryGame.xcdatamodel */;
			path = MemoryGame.xcdatamodeld;
			sourceTree = "<group>";
			versionGroupType = wrapper.xcdatamodel;
		};
/* End XCVersionGroup section */
	};
	rootObject = 04520A7B25EAA77800D38EBF /* Project object */;
}
